
Microsoft Visual Studio Solution File, Format Version 12.00
# Visual Studio Version 17
VisualStudioVersion = 17.14.36203.30 d17.14
MinimumVisualStudioVersion = 10.0.40219.1
Project("{FAE04EC0-301F-11D3-BF4B-00C04F79EFBC}") = "Biotrackr.Food.Svc", "Biotrackr.Food.Svc\Biotrackr.Food.Svc.csproj", "{D1CFE117-8B75-4951-9B12-BA265384DA8D}"
EndProject
Global
	GlobalSection(SolutionConfigurationPlatforms) = preSolution
		Debug|Any CPU = Debug|Any CPU
		Release|Any CPU = Release|Any CPU
	EndGlobalSection
	GlobalSection(ProjectConfigurationPlatforms) = postSolution
		{D1CFE117-8B75-4951-9B12-BA265384DA8D}.Debug|Any CPU.ActiveCfg = Debug|Any CPU
		{D1CFE117-8B75-4951-9B12-BA265384DA8D}.Debug|Any CPU.Build.0 = Debug|Any CPU
		{D1CFE117-8B75-4951-9B12-BA265384DA8D}.Release|Any CPU.ActiveCfg = Release|Any CPU
		{D1CFE117-8B75-4951-9B12-BA265384DA8D}.Release|Any CPU.Build.0 = Release|Any CPU
	EndGlobalSection
	GlobalSection(SolutionProperties) = preSolution
		HideSolutionNode = FALSE
	EndGlobalSection
	GlobalSection(ExtensibilityGlobals) = postSolution
		SolutionGuid = {2CA22211-1899-44E0-9A82-4C65865A9EF1}
	EndGlobalSection
EndGlobal
