
Microsoft Visual Studio Solution File, Format Version 12.00
# Visual Studio Version 17
VisualStudioVersion = 17.11.35222.181
MinimumVisualStudioVersion = 10.0.40219.1
Project("{FAE04EC0-301F-11D3-BF4B-00C04F79EFBC}") = "Biotrackr.Auth", "Biotrackr.Auth\Biotrackr.Auth.csproj", "{FBF80030-4AF0-469C-B25B-6B36647DC904}"
EndProject
Global
	GlobalSection(SolutionConfigurationPlatforms) = preSolution
		Debug|Any CPU = Debug|Any CPU
		Release|Any CPU = Release|Any CPU
	EndGlobalSection
	GlobalSection(ProjectConfigurationPlatforms) = postSolution
		{FBF80030-4AF0-469C-B25B-6B36647DC904}.Debug|Any CPU.ActiveCfg = Debug|Any CPU
		{FBF80030-4AF0-469C-B25B-6B36647DC904}.Debug|Any CPU.Build.0 = Debug|Any CPU
		{FBF80030-4AF0-469C-B25B-6B36647DC904}.Release|Any CPU.ActiveCfg = Release|Any CPU
		{FBF80030-4AF0-469C-B25B-6B36647DC904}.Release|Any CPU.Build.0 = Release|Any CPU
	EndGlobalSection
	GlobalSection(SolutionProperties) = preSolution
		HideSolutionNode = FALSE
	EndGlobalSection
	GlobalSection(ExtensibilityGlobals) = postSolution
		SolutionGuid = {89DF1C33-E4E3-47EE-AB31-00E9A455994F}
	EndGlobalSection
EndGlobal
