
Microsoft Visual Studio Solution File, Format Version 12.00
# Visual Studio Version 17
VisualStudioVersion = 17.11.35222.181
MinimumVisualStudioVersion = 10.0.40219.1
Project("{FAE04EC0-301F-11D3-BF4B-00C04F79EFBC}") = "Biotrackr.Auth.API", "Biotrackr.Auth.API\Biotrackr.Auth.API.csproj", "{A0425FAC-1CFD-4EE5-BF66-9127053EFFAE}"
EndProject
Global
	GlobalSection(SolutionConfigurationPlatforms) = preSolution
		Debug|Any CPU = Debug|Any CPU
		Release|Any CPU = Release|Any CPU
	EndGlobalSection
	GlobalSection(ProjectConfigurationPlatforms) = postSolution
		{A0425FAC-1CFD-4EE5-BF66-9127053EFFAE}.Debug|Any CPU.ActiveCfg = Debug|Any CPU
		{A0425FAC-1CFD-4EE5-BF66-9127053EFFAE}.Debug|Any CPU.Build.0 = Debug|Any CPU
		{A0425FAC-1CFD-4EE5-BF66-9127053EFFAE}.Release|Any CPU.ActiveCfg = Release|Any CPU
		{A0425FAC-1CFD-4EE5-BF66-9127053EFFAE}.Release|Any CPU.Build.0 = Release|Any CPU
	EndGlobalSection
	GlobalSection(SolutionProperties) = preSolution
		HideSolutionNode = FALSE
	EndGlobalSection
	GlobalSection(ExtensibilityGlobals) = postSolution
		SolutionGuid = {256DF15B-486C-4920-8B15-5EF1B01D7E2E}
	EndGlobalSection
EndGlobal
