
Microsoft Visual Studio Solution File, Format Version 12.00
# Visual Studio Version 17
VisualStudioVersion = 17.12.35514.174
MinimumVisualStudioVersion = 10.0.40219.1
Project("{FAE04EC0-301F-11D3-BF4B-00C04F79EFBC}") = "Biotrackr.Activity.Api", "Biotrackr.Activity.Api\Biotrackr.Activity.Api.csproj", "{9325AC97-31FF-4251-A6B5-E4A9EE7A418C}"
EndProject
Project("{FAE04EC0-301F-11D3-BF4B-00C04F79EFBC}") = "Biotrackr.Activity.Api.UnitTests", "Biotrackr.Activity.Api.UnitTests\Biotrackr.Activity.Api.UnitTests.csproj", "{BDEB59D1-F440-4066-B59F-C080459A619E}"
EndProject
Global
	GlobalSection(SolutionConfigurationPlatforms) = preSolution
		Debug|Any CPU = Debug|Any CPU
		Release|Any CPU = Release|Any CPU
	EndGlobalSection
	GlobalSection(ProjectConfigurationPlatforms) = postSolution
		{9325AC97-31FF-4251-A6B5-E4A9EE7A418C}.Debug|Any CPU.ActiveCfg = Debug|Any CPU
		{9325AC97-31FF-4251-A6B5-E4A9EE7A418C}.Debug|Any CPU.Build.0 = Debug|Any CPU
		{9325AC97-31FF-4251-A6B5-E4A9EE7A418C}.Release|Any CPU.ActiveCfg = Release|Any CPU
		{9325AC97-31FF-4251-A6B5-E4A9EE7A418C}.Release|Any CPU.Build.0 = Release|Any CPU
		{BDEB59D1-F440-4066-B59F-C080459A619E}.Debug|Any CPU.ActiveCfg = Debug|Any CPU
		{BDEB59D1-F440-4066-B59F-C080459A619E}.Debug|Any CPU.Build.0 = Debug|Any CPU
		{BDEB59D1-F440-4066-B59F-C080459A619E}.Release|Any CPU.ActiveCfg = Release|Any CPU
		{BDEB59D1-F440-4066-B59F-C080459A619E}.Release|Any CPU.Build.0 = Release|Any CPU
	EndGlobalSection
	GlobalSection(SolutionProperties) = preSolution
		HideSolutionNode = FALSE
	EndGlobalSection
EndGlobal
