
Microsoft Visual Studio Solution File, Format Version 12.00
# Visual Studio Version 17
VisualStudioVersion = 17.12.35514.174 d17.12
MinimumVisualStudioVersion = 10.0.40219.1
Project("{FAE04EC0-301F-11D3-BF4B-00C04F79EFBC}") = "Biotrackr.Sleep.Api", "Biotrackr.Sleep.Api\Biotrackr.Sleep.Api.csproj", "{2B6AAEB5-EE7B-4377-9F0D-B9C675720975}"
EndProject
Project("{FAE04EC0-301F-11D3-BF4B-00C04F79EFBC}") = "Biotrackr.Sleep.Api.UnitTests", "Biotrackr.Sleep.Api.UnitTests\Biotrackr.Sleep.Api.UnitTests.csproj", "{BAAB5549-1C6E-48A6-BF22-93E5B914200C}"
EndProject
Global
	GlobalSection(SolutionConfigurationPlatforms) = preSolution
		Debug|Any CPU = Debug|Any CPU
		Release|Any CPU = Release|Any CPU
	EndGlobalSection
	GlobalSection(ProjectConfigurationPlatforms) = postSolution
		{2B6AAEB5-EE7B-4377-9F0D-B9C675720975}.Debug|Any CPU.ActiveCfg = Debug|Any CPU
		{2B6AAEB5-EE7B-4377-9F0D-B9C675720975}.Debug|Any CPU.Build.0 = Debug|Any CPU
		{2B6AAEB5-EE7B-4377-9F0D-B9C675720975}.Release|Any CPU.ActiveCfg = Release|Any CPU
		{2B6AAEB5-EE7B-4377-9F0D-B9C675720975}.Release|Any CPU.Build.0 = Release|Any CPU
		{BAAB5549-1C6E-48A6-BF22-93E5B914200C}.Debug|Any CPU.ActiveCfg = Debug|Any CPU
		{BAAB5549-1C6E-48A6-BF22-93E5B914200C}.Debug|Any CPU.Build.0 = Debug|Any CPU
		{BAAB5549-1C6E-48A6-BF22-93E5B914200C}.Release|Any CPU.ActiveCfg = Release|Any CPU
		{BAAB5549-1C6E-48A6-BF22-93E5B914200C}.Release|Any CPU.Build.0 = Release|Any CPU
	EndGlobalSection
	GlobalSection(SolutionProperties) = preSolution
		HideSolutionNode = FALSE
	EndGlobalSection
EndGlobal
