
Microsoft Visual Studio Solution File, Format Version 12.00
# Visual Studio Version 17
VisualStudioVersion = 17.12.35514.174 d17.12
MinimumVisualStudioVersion = 10.0.40219.1
Project("{FAE04EC0-301F-11D3-BF4B-00C04F79EFBC}") = "Biotrackr.Weight.Api", "Biotrackr.Weight.Api\Biotrackr.Weight.Api.csproj", "{D2DBF913-D025-4D1B-986B-5D3AA3E45630}"
EndProject
Project("{FAE04EC0-301F-11D3-BF4B-00C04F79EFBC}") = "Biotrackr.Weight.Api.UnitTests", "Biotrackr.Weight.Api.UnitTests\Biotrackr.Weight.Api.UnitTests.csproj", "{B39A0EEA-1E1A-42F3-9C67-1C491131A901}"
EndProject
Global
	GlobalSection(SolutionConfigurationPlatforms) = preSolution
		Debug|Any CPU = Debug|Any CPU
		Release|Any CPU = Release|Any CPU
	EndGlobalSection
	GlobalSection(ProjectConfigurationPlatforms) = postSolution
		{D2DBF913-D025-4D1B-986B-5D3AA3E45630}.Debug|Any CPU.ActiveCfg = Debug|Any CPU
		{D2DBF913-D025-4D1B-986B-5D3AA3E45630}.Debug|Any CPU.Build.0 = Debug|Any CPU
		{D2DBF913-D025-4D1B-986B-5D3AA3E45630}.Release|Any CPU.ActiveCfg = Release|Any CPU
		{D2DBF913-D025-4D1B-986B-5D3AA3E45630}.Release|Any CPU.Build.0 = Release|Any CPU
		{B39A0EEA-1E1A-42F3-9C67-1C491131A901}.Debug|Any CPU.ActiveCfg = Debug|Any CPU
		{B39A0EEA-1E1A-42F3-9C67-1C491131A901}.Debug|Any CPU.Build.0 = Debug|Any CPU
		{B39A0EEA-1E1A-42F3-9C67-1C491131A901}.Release|Any CPU.ActiveCfg = Release|Any CPU
		{B39A0EEA-1E1A-42F3-9C67-1C491131A901}.Release|Any CPU.Build.0 = Release|Any CPU
	EndGlobalSection
	GlobalSection(SolutionProperties) = preSolution
		HideSolutionNode = FALSE
	EndGlobalSection
EndGlobal
